
Microsoft Visual Studio Solution File, Format Version 12.00
# Visual Studio 15
VisualStudioVersion = 15.0.26730.15
MinimumVisualStudioVersion = 10.0.40219.1
Project("{888888A0-9F3D-457C-B088-3A5042F75D52}") = "Simple LGBM Starter", "Simple LGBM Starter\Simple LGBM Starter.pyproj", "{7F8DF4C9-12CC-4A7B-B0DC-4C0C55DB85C3}"
EndProject
Global
	GlobalSection(SolutionConfigurationPlatforms) = preSolution
		Debug|Any CPU = Debug|Any CPU
		Release|Any CPU = Release|Any CPU
	EndGlobalSection
	GlobalSection(ProjectConfigurationPlatforms) = postSolution
		{7F8DF4C9-12CC-4A7B-B0DC-4C0C55DB85C3}.Debug|Any CPU.ActiveCfg = Debug|Any CPU
		{7F8DF4C9-12CC-4A7B-B0DC-4C0C55DB85C3}.Release|Any CPU.ActiveCfg = Release|Any CPU
	EndGlobalSection
	GlobalSection(SolutionProperties) = preSolution
		HideSolutionNode = FALSE
	EndGlobalSection
	GlobalSection(ExtensibilityGlobals) = postSolution
		SolutionGuid = {ABE6A703-E59F-46D9-93EB-722E22B4B1D5}
	EndGlobalSection
EndGlobal
